// !$*UTF8*$!
{
	archiveVersion = 1;
	classes = {
	};
	objectVersion = 56;
	objects = {

/* Begin PBXBuildFile section */
		43223F532A6F1C3C00A329FF /* COFApp.swift in Sources */ = {isa = PBXBuildFile; fileRef = 43223F522A6F1C3C00A329FF /* COFApp.swift */; };
		43223F552A6F1C3C00A329FF /* MainPage.swift in Sources */ = {isa = PBXBuildFile; fileRef = 43223F542A6F1C3C00A329FF /* MainPage.swift */; };
		43223F572A6F1C3E00A329FF /* Assets.xcassets in Resources */ = {isa = PBXBuildFile; fileRef = 43223F562A6F1C3E00A329FF /* Assets.xcassets */; };
		43223F5A2A6F1C3E00A329FF /* Preview Assets.xcassets in Resources */ = {isa = PBXBuildFile; fileRef = 43223F592A6F1C3E00A329FF /* Preview Assets.xcassets */; };
		43223F642A6F1C3E00A329FF /* COFTests.swift in Sources */ = {isa = PBXBuildFile; fileRef = 43223F632A6F1C3E00A329FF /* COFTests.swift */; };
		43223F6E2A6F1C3E00A329FF /* COFUITests.swift in Sources */ = {isa = PBXBuildFile; fileRef = 43223F6D2A6F1C3E00A329FF /* COFUITests.swift */; };
		43223F702A6F1C3E00A329FF /* COFUITestsLaunchTests.swift in Sources */ = {isa = PBXBuildFile; fileRef = 43223F6F2A6F1C3E00A329FF /* COFUITestsLaunchTests.swift */; };
		43A43EFA2A746CFD003FECF0 /* SignupView.swift in Sources */ = {isa = PBXBuildFile; fileRef = 43A43EF92A746CFD003FECF0 /* SignupView.swift */; };
		43A43EFC2A747E21003FECF0 /* EventCardView.swift in Sources */ = {isa = PBXBuildFile; fileRef = 43A43EFB2A747E21003FECF0 /* EventCardView.swift */; };
		43A43EFE2A747F72003FECF0 /* EventListView.swift in Sources */ = {isa = PBXBuildFile; fileRef = 43A43EFD2A747F72003FECF0 /* EventListView.swift */; };
		43D5BA0D2A70B63F0009931C /* LoginView.swift in Sources */ = {isa = PBXBuildFile; fileRef = 43D5BA0C2A70B63F0009931C /* LoginView.swift */; };
/* End PBXBuildFile section */

/* Begin PBXContainerItemProxy section */
		43223F602A6F1C3E00A329FF /* PBXContainerItemProxy */ = {
			isa = PBXContainerItemProxy;
			containerPortal = 43223F472A6F1C3C00A329FF /* Project object */;
			proxyType = 1;
			remoteGlobalIDString = 43223F4E2A6F1C3C00A329FF;
			remoteInfo = COF;
		};
		43223F6A2A6F1C3E00A329FF /* PBXContainerItemProxy */ = {
			isa = PBXContainerItemProxy;
			containerPortal = 43223F472A6F1C3C00A329FF /* Project object */;
			proxyType = 1;
			remoteGlobalIDString = 43223F4E2A6F1C3C00A329FF;
			remoteInfo = COF;
		};
/* End PBXContainerItemProxy section */

/* Begin PBXFileReference section */
		43223F4F2A6F1C3C00A329FF /* COF.app */ = {isa = PBXFileReference; explicitFileType = wrapper.application; includeInIndex = 0; path = COF.app; sourceTree = BUILT_PRODUCTS_DIR; };
		43223F522A6F1C3C00A329FF /* COFApp.swift */ = {isa = PBXFileReference; lastKnownFileType = sourcecode.swift; path = COFApp.swift; sourceTree = "<group>"; };
		43223F542A6F1C3C00A329FF /* MainPage.swift */ = {isa = PBXFileReference; lastKnownFileType = sourcecode.swift; path = MainPage.swift; sourceTree = "<group>"; };
		43223F562A6F1C3E00A329FF /* Assets.xcassets */ = {isa = PBXFileReference; lastKnownFileType = folder.assetcatalog; path = Assets.xcassets; sourceTree = "<group>"; };
		43223F592A6F1C3E00A329FF /* Preview Assets.xcassets */ = {isa = PBXFileReference; lastKnownFileType = folder.assetcatalog; path = "Preview Assets.xcassets"; sourceTree = "<group>"; };
		43223F5F2A6F1C3E00A329FF /* COFTests.xctest */ = {isa = PBXFileReference; explicitFileType = wrapper.cfbundle; includeInIndex = 0; path = COFTests.xctest; sourceTree = BUILT_PRODUCTS_DIR; };
		43223F632A6F1C3E00A329FF /* COFTests.swift */ = {isa = PBXFileReference; lastKnownFileType = sourcecode.swift; path = COFTests.swift; sourceTree = "<group>"; };
		43223F692A6F1C3E00A329FF /* COFUITests.xctest */ = {isa = PBXFileReference; explicitFileType = wrapper.cfbundle; includeInIndex = 0; path = COFUITests.xctest; sourceTree = BUILT_PRODUCTS_DIR; };
		43223F6D2A6F1C3E00A329FF /* COFUITests.swift */ = {isa = PBXFileReference; lastKnownFileType = sourcecode.swift; path = COFUITests.swift; sourceTree = "<group>"; };
		43223F6F2A6F1C3E00A329FF /* COFUITestsLaunchTests.swift */ = {isa = PBXFileReference; lastKnownFileType = sourcecode.swift; path = COFUITestsLaunchTests.swift; sourceTree = "<group>"; };
		43A43EF92A746CFD003FECF0 /* SignupView.swift */ = {isa = PBXFileReference; lastKnownFileType = sourcecode.swift; path = SignupView.swift; sourceTree = "<group>"; };
		43A43EFB2A747E21003FECF0 /* EventCardView.swift */ = {isa = PBXFileReference; lastKnownFileType = sourcecode.swift; path = EventCardView.swift; sourceTree = "<group>"; };
		43A43EFD2A747F72003FECF0 /* EventListView.swift */ = {isa = PBXFileReference; lastKnownFileType = sourcecode.swift; path = EventListView.swift; sourceTree = "<group>"; };
		43D5BA0C2A70B63F0009931C /* LoginView.swift */ = {isa = PBXFileReference; lastKnownFileType = sourcecode.swift; path = LoginView.swift; sourceTree = "<group>"; };
/* End PBXFileReference section */

/* Begin PBXFrameworksBuildPhase section */
		43223F4C2A6F1C3C00A329FF /* Frameworks */ = {
			isa = PBXFrameworksBuildPhase;
			buildActionMask = 2147483647;
			files = (
			);
			runOnlyForDeploymentPostprocessing = 0;
		};
		43223F5C2A6F1C3E00A329FF /* Frameworks */ = {
			isa = PBXFrameworksBuildPhase;
			buildActionMask = 2147483647;
			files = (
			);
			runOnlyForDeploymentPostprocessing = 0;
		};
		43223F662A6F1C3E00A329FF /* Frameworks */ = {
			isa = PBXFrameworksBuildPhase;
			buildActionMask = 2147483647;
			files = (
			);
			runOnlyForDeploymentPostprocessing = 0;
		};
/* End PBXFrameworksBuildPhase section */

/* Begin PBXGroup section */
		43223F462A6F1C3C00A329FF = {
			isa = PBXGroup;
			children = (
				43223F512A6F1C3C00A329FF /* COF */,
				43223F622A6F1C3E00A329FF /* COFTests */,
				43223F6C2A6F1C3E00A329FF /* COFUITests */,
				43223F502A6F1C3C00A329FF /* Products */,
			);
			sourceTree = "<group>";
		};
		43223F502A6F1C3C00A329FF /* Products */ = {
			isa = PBXGroup;
			children = (
				43223F4F2A6F1C3C00A329FF /* COF.app */,
				43223F5F2A6F1C3E00A329FF /* COFTests.xctest */,
				43223F692A6F1C3E00A329FF /* COFUITests.xctest */,
			);
			name = Products;
			sourceTree = "<group>";
		};
		43223F512A6F1C3C00A329FF /* COF */ = {
			isa = PBXGroup;
			children = (
				43223F522A6F1C3C00A329FF /* COFApp.swift */,
				43223F7D2A6F1D0A00A329FF /* Views */,
				43223F562A6F1C3E00A329FF /* Assets.xcassets */,
				43223F582A6F1C3E00A329FF /* Preview Content */,
			);
			path = COF;
			sourceTree = "<group>";
		};
		43223F582A6F1C3E00A329FF /* Preview Content */ = {
			isa = PBXGroup;
			children = (
				43223F592A6F1C3E00A329FF /* Preview Assets.xcassets */,
			);
			path = "Preview Content";
			sourceTree = "<group>";
		};
		43223F622A6F1C3E00A329FF /* COFTests */ = {
			isa = PBXGroup;
			children = (
				43223F632A6F1C3E00A329FF /* COFTests.swift */,
			);
			path = COFTests;
			sourceTree = "<group>";
		};
		43223F6C2A6F1C3E00A329FF /* COFUITests */ = {
			isa = PBXGroup;
			children = (
				43223F6D2A6F1C3E00A329FF /* COFUITests.swift */,
				43223F6F2A6F1C3E00A329FF /* COFUITestsLaunchTests.swift */,
			);
			path = COFUITests;
			sourceTree = "<group>";
		};
		43223F7D2A6F1D0A00A329FF /* Views */ = {
			isa = PBXGroup;
			children = (
				43223F542A6F1C3C00A329FF /* MainPage.swift */,
				43D5BA0C2A70B63F0009931C /* LoginView.swift */,
				43A43EF92A746CFD003FECF0 /* SignupView.swift */,
				43A43EFB2A747E21003FECF0 /* EventCardView.swift */,
				43A43EFD2A747F72003FECF0 /* EventListView.swift */,
			);
			path = Views;
			sourceTree = "<group>";
		};
/* End PBXGroup section */

/* Begin PBXNativeTarget section */
		43223F4E2A6F1C3C00A329FF /* COF */ = {
			isa = PBXNativeTarget;
			buildConfigurationList = 43223F732A6F1C3E00A329FF /* Build configuration list for PBXNativeTarget "COF" */;
			buildPhases = (
				43223F4B2A6F1C3C00A329FF /* Sources */,
				43223F4C2A6F1C3C00A329FF /* Frameworks */,
				43223F4D2A6F1C3C00A329FF /* Resources */,
			);
			buildRules = (
			);
			dependencies = (
			);
			name = COF;
			productName = COF;
			productReference = 43223F4F2A6F1C3C00A329FF /* COF.app */;
			productType = "com.apple.product-type.application";
		};
		43223F5E2A6F1C3E00A329FF /* COFTests */ = {
			isa = PBXNativeTarget;
			buildConfigurationList = 43223F762A6F1C3E00A329FF /* Build configuration list for PBXNativeTarget "COFTests" */;
			buildPhases = (
				43223F5B2A6F1C3E00A329FF /* Sources */,
				43223F5C2A6F1C3E00A329FF /* Frameworks */,
				43223F5D2A6F1C3E00A329FF /* Resources */,
			);
			buildRules = (
			);
			dependencies = (
				43223F612A6F1C3E00A329FF /* PBXTargetDependency */,
			);
			name = COFTests;
			productName = COFTests;
			productReference = 43223F5F2A6F1C3E00A329FF /* COFTests.xctest */;
			productType = "com.apple.product-type.bundle.unit-test";
		};
		43223F682A6F1C3E00A329FF /* COFUITests */ = {
			isa = PBXNativeTarget;
			buildConfigurationList = 43223F792A6F1C3E00A329FF /* Build configuration list for PBXNativeTarget "COFUITests" */;
			buildPhases = (
				43223F652A6F1C3E00A329FF /* Sources */,
				43223F662A6F1C3E00A329FF /* Frameworks */,
				43223F672A6F1C3E00A329FF /* Resources */,
			);
			buildRules = (
			);
			dependencies = (
				43223F6B2A6F1C3E00A329FF /* PBXTargetDependency */,
			);
			name = COFUITests;
			productName = COFUITests;
			productReference = 43223F692A6F1C3E00A329FF /* COFUITests.xctest */;
			productType = "com.apple.product-type.bundle.ui-testing";
		};
/* End PBXNativeTarget section */

/* Begin PBXProject section */
		43223F472A6F1C3C00A329FF /* Project object */ = {
			isa = PBXProject;
			attributes = {
				BuildIndependentTargetsInParallel = 1;
				LastSwiftUpdateCheck = 1430;
				LastUpgradeCheck = 1430;
				TargetAttributes = {
					43223F4E2A6F1C3C00A329FF = {
						CreatedOnToolsVersion = 14.3.1;
					};
					43223F5E2A6F1C3E00A329FF = {
						CreatedOnToolsVersion = 14.3.1;
						TestTargetID = 43223F4E2A6F1C3C00A329FF;
					};
					43223F682A6F1C3E00A329FF = {
						CreatedOnToolsVersion = 14.3.1;
						TestTargetID = 43223F4E2A6F1C3C00A329FF;
					};
				};
			};
			buildConfigurationList = 43223F4A2A6F1C3C00A329FF /* Build configuration list for PBXProject "COF" */;
			compatibilityVersion = "Xcode 14.0";
			developmentRegion = en;
			hasScannedForEncodings = 0;
			knownRegions = (
				en,
				Base,
			);
			mainGroup = 43223F462A6F1C3C00A329FF;
			productRefGroup = 43223F502A6F1C3C00A329FF /* Products */;
			projectDirPath = "";
			projectRoot = "";
			targets = (
				43223F4E2A6F1C3C00A329FF /* COF */,
				43223F5E2A6F1C3E00A329FF /* COFTests */,
				43223F682A6F1C3E00A329FF /* COFUITests */,
			);
		};
/* End PBXProject section */

/* Begin PBXResourcesBuildPhase section */
		43223F4D2A6F1C3C00A329FF /* Resources */ = {
			isa = PBXResourcesBuildPhase;
			buildActionMask = 2147483647;
			files = (
				43223F5A2A6F1C3E00A329FF /* Preview Assets.xcassets in Resources */,
				43223F572A6F1C3E00A329FF /* Assets.xcassets in Resources */,
			);
			runOnlyForDeploymentPostprocessing = 0;
		};
		43223F5D2A6F1C3E00A329FF /* Resources */ = {
			isa = PBXResourcesBuildPhase;
			buildActionMask = 2147483647;
			files = (
			);
			runOnlyForDeploymentPostprocessing = 0;
		};
		43223F672A6F1C3E00A329FF /* Resources */ = {
			isa = PBXResourcesBuildPhase;
			buildActionMask = 2147483647;
			files = (
			);
			runOnlyForDeploymentPostprocessing = 0;
		};
/* End PBXResourcesBuildPhase section */

/* Begin PBXSourcesBuildPhase section */
		43223F4B2A6F1C3C00A329FF /* Sources */ = {
			isa = PBXSourcesBuildPhase;
			buildActionMask = 2147483647;
			files = (
				43223F552A6F1C3C00A329FF /* MainPage.swift in Sources */,
				43A43EFE2A747F72003FECF0 /* EventListView.swift in Sources */,
				43223F532A6F1C3C00A329FF /* COFApp.swift in Sources */,
				43A43EFA2A746CFD003FECF0 /* SignupView.swift in Sources */,
				43D5BA0D2A70B63F0009931C /* LoginView.swift in Sources */,
				43A43EFC2A747E21003FECF0 /* EventCardView.swift in Sources */,
			);
			runOnlyForDeploymentPostprocessing = 0;
		};
		43223F5B2A6F1C3E00A329FF /* Sources */ = {
			isa = PBXSourcesBuildPhase;
			buildActionMask = 2147483647;
			files = (
				43223F642A6F1C3E00A329FF /* COFTests.swift in Sources */,
			);
			runOnlyForDeploymentPostprocessing = 0;
		};
		43223F652A6F1C3E00A329FF /* Sources */ = {
			isa = PBXSourcesBuildPhase;
			buildActionMask = 2147483647;
			files = (
				43223F6E2A6F1C3E00A329FF /* COFUITests.swift in Sources */,
				43223F702A6F1C3E00A329FF /* COFUITestsLaunchTests.swift in Sources */,
			);
			runOnlyForDeploymentPostprocessing = 0;
		};
/* End PBXSourcesBuildPhase section */

/* Begin PBXTargetDependency section */
		43223F612A6F1C3E00A329FF /* PBXTargetDependency */ = {
			isa = PBXTargetDependency;
			target = 43223F4E2A6F1C3C00A329FF /* COF */;
			targetProxy = 43223F602A6F1C3E00A329FF /* PBXContainerItemProxy */;
		};
		43223F6B2A6F1C3E00A329FF /* PBXTargetDependency */ = {
			isa = PBXTargetDependency;
			target = 43223F4E2A6F1C3C00A329FF /* COF */;
			targetProxy = 43223F6A2A6F1C3E00A329FF /* PBXContainerItemProxy */;
		};
/* End PBXTargetDependency section */

/* Begin XCBuildConfiguration section */
		43223F712A6F1C3E00A329FF /* Debug */ = {
			isa = XCBuildConfiguration;
			buildSettings = {
				ALWAYS_SEARCH_USER_PATHS = NO;
				CLANG_ANALYZER_NONNULL = YES;
				CLANG_ANALYZER_NUMBER_OBJECT_CONVERSION = YES_AGGRESSIVE;
				CLANG_CXX_LANGUAGE_STANDARD = "gnu++20";
				CLANG_ENABLE_MODULES = YES;
				CLANG_ENABLE_OBJC_ARC = YES;
				CLANG_ENABLE_OBJC_WEAK = YES;
				CLANG_WARN_BLOCK_CAPTURE_AUTORELEASING = YES;
				CLANG_WARN_BOOL_CONVERSION = YES;
				CLANG_WARN_COMMA = YES;
				CLANG_WARN_CONSTANT_CONVERSION = YES;
				CLANG_WARN_DEPRECATED_OBJC_IMPLEMENTATIONS = YES;
				CLANG_WARN_DIRECT_OBJC_ISA_USAGE = YES_ERROR;
				CLANG_WARN_DOCUMENTATION_COMMENTS = YES;
				CLANG_WARN_EMPTY_BODY = YES;
				CLANG_WARN_ENUM_CONVERSION = YES;
				CLANG_WARN_INFINITE_RECURSION = YES;
				CLANG_WARN_INT_CONVERSION = YES;
				CLANG_WARN_NON_LITERAL_NULL_CONVERSION = YES;
				CLANG_WARN_OBJC_IMPLICIT_RETAIN_SELF = YES;
				CLANG_WARN_OBJC_LITERAL_CONVERSION = YES;
				CLANG_WARN_OBJC_ROOT_CLASS = YES_ERROR;
				CLANG_WARN_QUOTED_INCLUDE_IN_FRAMEWORK_HEADER = YES;
				CLANG_WARN_RANGE_LOOP_ANALYSIS = YES;
				CLANG_WARN_STRICT_PROTOTYPES = YES;
				CLANG_WARN_SUSPICIOUS_MOVE = YES;
				CLANG_WARN_UNGUARDED_AVAILABILITY = YES_AGGRESSIVE;
				CLANG_WARN_UNREACHABLE_CODE = YES;
				CLANG_WARN__DUPLICATE_METHOD_MATCH = YES;
				COPY_PHASE_STRIP = NO;
				DEBUG_INFORMATION_FORMAT = dwarf;
				ENABLE_STRICT_OBJC_MSGSEND = YES;
				ENABLE_TESTABILITY = YES;
				GCC_C_LANGUAGE_STANDARD = gnu11;
				GCC_DYNAMIC_NO_PIC = NO;
				GCC_NO_COMMON_BLOCKS = YES;
				GCC_OPTIMIZATION_LEVEL = 0;
				GCC_PREPROCESSOR_DEFINITIONS = (
					"DEBUG=1",
					"$(inherited)",
				);
				GCC_WARN_64_TO_32_BIT_CONVERSION = YES;
				GCC_WARN_ABOUT_RETURN_TYPE = YES_ERROR;
				GCC_WARN_UNDECLARED_SELECTOR = YES;
				GCC_WARN_UNINITIALIZED_AUTOS = YES_AGGRESSIVE;
				GCC_WARN_UNUSED_FUNCTION = YES;
				GCC_WARN_UNUSED_VARIABLE = YES;
				IPHONEOS_DEPLOYMENT_TARGET = 16.4;
				MTL_ENABLE_DEBUG_INFO = INCLUDE_SOURCE;
				MTL_FAST_MATH = YES;
				ONLY_ACTIVE_ARCH = YES;
				SDKROOT = iphoneos;
				SWIFT_ACTIVE_COMPILATION_CONDITIONS = DEBUG;
				SWIFT_OPTIMIZATION_LEVEL = "-Onone";
			};
			name = Debug;
		};
		43223F722A6F1C3E00A329FF /* Release */ = {
			isa = XCBuildConfiguration;
			buildSettings = {
				ALWAYS_SEARCH_USER_PATHS = NO;
				CLANG_ANALYZER_NONNULL = YES;
				CLANG_ANALYZER_NUMBER_OBJECT_CONVERSION = YES_AGGRESSIVE;
				CLANG_CXX_LANGUAGE_STANDARD = "gnu++20";
				CLANG_ENABLE_MODULES = YES;
				CLANG_ENABLE_OBJC_ARC = YES;
				CLANG_ENABLE_OBJC_WEAK = YES;
				CLANG_WARN_BLOCK_CAPTURE_AUTORELEASING = YES;
				CLANG_WARN_BOOL_CONVERSION = YES;
				CLANG_WARN_COMMA = YES;
				CLANG_WARN_CONSTANT_CONVERSION = YES;
				CLANG_WARN_DEPRECATED_OBJC_IMPLEMENTATIONS = YES;
				CLANG_WARN_DIRECT_OBJC_ISA_USAGE = YES_ERROR;
				CLANG_WARN_DOCUMENTATION_COMMENTS = YES;
				CLANG_WARN_EMPTY_BODY = YES;
				CLANG_WARN_ENUM_CONVERSION = YES;
				CLANG_WARN_INFINITE_RECURSION = YES;
				CLANG_WARN_INT_CONVERSION = YES;
				CLANG_WARN_NON_LITERAL_NULL_CONVERSION = YES;
				CLANG_WARN_OBJC_IMPLICIT_RETAIN_SELF = YES;
				CLANG_WARN_OBJC_LITERAL_CONVERSION = YES;
				CLANG_WARN_OBJC_ROOT_CLASS = YES_ERROR;
				CLANG_WARN_QUOTED_INCLUDE_IN_FRAMEWORK_HEADER = YES;
				CLANG_WARN_RANGE_LOOP_ANALYSIS = YES;
				CLANG_WARN_STRICT_PROTOTYPES = YES;
				CLANG_WARN_SUSPICIOUS_MOVE = YES;
				CLANG_WARN_UNGUARDED_AVAILABILITY = YES_AGGRESSIVE;
				CLANG_WARN_UNREACHABLE_CODE = YES;
				CLANG_WARN__DUPLICATE_METHOD_MATCH = YES;
				COPY_PHASE_STRIP = NO;
				DEBUG_INFORMATION_FORMAT = "dwarf-with-dsym";
				ENABLE_NS_ASSERTIONS = NO;
				ENABLE_STRICT_OBJC_MSGSEND = YES;
				GCC_C_LANGUAGE_STANDARD = gnu11;
				GCC_NO_COMMON_BLOCKS = YES;
				GCC_WARN_64_TO_32_BIT_CONVERSION = YES;
				GCC_WARN_ABOUT_RETURN_TYPE = YES_ERROR;
				GCC_WARN_UNDECLARED_SELECTOR = YES;
				GCC_WARN_UNINITIALIZED_AUTOS = YES_AGGRESSIVE;
				GCC_WARN_UNUSED_FUNCTION = YES;
				GCC_WARN_UNUSED_VARIABLE = YES;
				IPHONEOS_DEPLOYMENT_TARGET = 16.4;
				MTL_ENABLE_DEBUG_INFO = NO;
				MTL_FAST_MATH = YES;
				SDKROOT = iphoneos;
				SWIFT_COMPILATION_MODE = wholemodule;
				SWIFT_OPTIMIZATION_LEVEL = "-O";
				VALIDATE_PRODUCT = YES;
			};
			name = Release;
		};
		43223F742A6F1C3E00A329FF /* Debug */ = {
			isa = XCBuildConfiguration;
			buildSettings = {
				ASSETCATALOG_COMPILER_APPICON_NAME = AppIcon;
				ASSETCATALOG_COMPILER_GLOBAL_ACCENT_COLOR_NAME = AccentColor;
				CODE_SIGN_STYLE = Automatic;
				CURRENT_PROJECT_VERSION = 1;
				DEVELOPMENT_ASSET_PATHS = "\"COF/Preview Content\"";
				ENABLE_PREVIEWS = YES;
				GENERATE_INFOPLIST_FILE = YES;
				INFOPLIST_KEY_UIApplicationSceneManifest_Generation = YES;
				INFOPLIST_KEY_UIApplicationSupportsIndirectInputEvents = YES;
				INFOPLIST_KEY_UILaunchScreen_Generation = YES;
				INFOPLIST_KEY_UISupportedInterfaceOrientations_iPad = "UIInterfaceOrientationPortrait UIInterfaceOrientationPortraitUpsideDown UIInterfaceOrientationLandscapeLeft UIInterfaceOrientationLandscapeRight";
				INFOPLIST_KEY_UISupportedInterfaceOrientations_iPhone = "UIInterfaceOrientationPortrait UIInterfaceOrientationLandscapeLeft UIInterfaceOrientationLandscapeRight";
				LD_RUNPATH_SEARCH_PATHS = (
					"$(inherited)",
					"@executable_path/Frameworks",
				);
				MARKETING_VERSION = 1.0;
				PRODUCT_BUNDLE_IDENTIFIER = "Cindy-O-Foundation-Mike-Oberdick.COF";
				PRODUCT_NAME = "$(TARGET_NAME)";
				SWIFT_EMIT_LOC_STRINGS = YES;
				SWIFT_VERSION = 5.0;
				TARGETED_DEVICE_FAMILY = "1,2";
			};
			name = Debug;
		};
		43223F752A6F1C3E00A329FF /* Release */ = {
			isa = XCBuildConfiguration;
			buildSettings = {
				ASSETCATALOG_COMPILER_APPICON_NAME = AppIcon;
				ASSETCATALOG_COMPILER_GLOBAL_ACCENT_COLOR_NAME = AccentColor;
				CODE_SIGN_STYLE = Automatic;
				CURRENT_PROJECT_VERSION = 1;
				DEVELOPMENT_ASSET_PATHS = "\"COF/Preview Content\"";
				ENABLE_PREVIEWS = YES;
				GENERATE_INFOPLIST_FILE = YES;
				INFOPLIST_KEY_UIApplicationSceneManifest_Generation = YES;
				INFOPLIST_KEY_UIApplicationSupportsIndirectInputEvents = YES;
				INFOPLIST_KEY_UILaunchScreen_Generation = YES;
				INFOPLIST_KEY_UISupportedInterfaceOrientations_iPad = "UIInterfaceOrientationPortrait UIInterfaceOrientationPortraitUpsideDown UIInterfaceOrientationLandscapeLeft UIInterfaceOrientationLandscapeRight";
				INFOPLIST_KEY_UISupportedInterfaceOrientations_iPhone = "UIInterfaceOrientationPortrait UIInterfaceOrientationLandscapeLeft UIInterfaceOrientationLandscapeRight";
				LD_RUNPATH_SEARCH_PATHS = (
					"$(inherited)",
					"@executable_path/Frameworks",
				);
				MARKETING_VERSION = 1.0;
				PRODUCT_BUNDLE_IDENTIFIER = "Cindy-O-Foundation-Mike-Oberdick.COF";
				PRODUCT_NAME = "$(TARGET_NAME)";
				SWIFT_EMIT_LOC_STRINGS = YES;
				SWIFT_VERSION = 5.0;
				TARGETED_DEVICE_FAMILY = "1,2";
			};
			name = Release;
		};
		43223F772A6F1C3E00A329FF /* Debug */ = {
			isa = XCBuildConfiguration;
			buildSettings = {
				ALWAYS_EMBED_SWIFT_STANDARD_LIBRARIES = YES;
				BUNDLE_LOADER = "$(TEST_HOST)";
				CODE_SIGN_STYLE = Automatic;
				CURRENT_PROJECT_VERSION = 1;
				GENERATE_INFOPLIST_FILE = YES;
				IPHONEOS_DEPLOYMENT_TARGET = 16.4;
				MARKETING_VERSION = 1.0;
				PRODUCT_BUNDLE_IDENTIFIER = "Cindy-O-Foundation-Mike-Oberdick.COFTests";
				PRODUCT_NAME = "$(TARGET_NAME)";
				SWIFT_EMIT_LOC_STRINGS = NO;
				SWIFT_VERSION = 5.0;
				TARGETED_DEVICE_FAMILY = "1,2";
				TEST_HOST = "$(BUILT_PRODUCTS_DIR)/COF.app/$(BUNDLE_EXECUTABLE_FOLDER_PATH)/COF";
			};
			name = Debug;
		};
		43223F782A6F1C3E00A329FF /* Release */ = {
			isa = XCBuildConfiguration;
			buildSettings = {
				ALWAYS_EMBED_SWIFT_STANDARD_LIBRARIES = YES;
				BUNDLE_LOADER = "$(TEST_HOST)";
				CODE_SIGN_STYLE = Automatic;
				CURRENT_PROJECT_VERSION = 1;
				GENERATE_INFOPLIST_FILE = YES;
				IPHONEOS_DEPLOYMENT_TARGET = 16.4;
				MARKETING_VERSION = 1.0;
				PRODUCT_BUNDLE_IDENTIFIER = "Cindy-O-Foundation-Mike-Oberdick.COFTests";
				PRODUCT_NAME = "$(TARGET_NAME)";
				SWIFT_EMIT_LOC_STRINGS = NO;
				SWIFT_VERSION = 5.0;
				TARGETED_DEVICE_FAMILY = "1,2";
				TEST_HOST = "$(BUILT_PRODUCTS_DIR)/COF.app/$(BUNDLE_EXECUTABLE_FOLDER_PATH)/COF";
			};
			name = Release;
		};
		43223F7A2A6F1C3E00A329FF /* Debug */ = {
			isa = XCBuildConfiguration;
			buildSettings = {
				ALWAYS_EMBED_SWIFT_STANDARD_LIBRARIES = YES;
				CODE_SIGN_STYLE = Automatic;
				CURRENT_PROJECT_VERSION = 1;
				GENERATE_INFOPLIST_FILE = YES;
				MARKETING_VERSION = 1.0;
				PRODUCT_BUNDLE_IDENTIFIER = "Cindy-O-Foundation-Mike-Oberdick.COFUITests";
				PRODUCT_NAME = "$(TARGET_NAME)";
				SWIFT_EMIT_LOC_STRINGS = NO;
				SWIFT_VERSION = 5.0;
				TARGETED_DEVICE_FAMILY = "1,2";
				TEST_TARGET_NAME = COF;
			};
			name = Debug;
		};
		43223F7B2A6F1C3E00A329FF /* Release */ = {
			isa = XCBuildConfiguration;
			buildSettings = {
				ALWAYS_EMBED_SWIFT_STANDARD_LIBRARIES = YES;
				CODE_SIGN_STYLE = Automatic;
				CURRENT_PROJECT_VERSION = 1;
				GENERATE_INFOPLIST_FILE = YES;
				MARKETING_VERSION = 1.0;
				PRODUCT_BUNDLE_IDENTIFIER = "Cindy-O-Foundation-Mike-Oberdick.COFUITests";
				PRODUCT_NAME = "$(TARGET_NAME)";
				SWIFT_EMIT_LOC_STRINGS = NO;
				SWIFT_VERSION = 5.0;
				TARGETED_DEVICE_FAMILY = "1,2";
				TEST_TARGET_NAME = COF;
			};
			name = Release;
		};
/* End XCBuildConfiguration section */

/* Begin XCConfigurationList section */
		43223F4A2A6F1C3C00A329FF /* Build configuration list for PBXProject "COF" */ = {
			isa = XCConfigurationList;
			buildConfigurations = (
				43223F712A6F1C3E00A329FF /* Debug */,
				43223F722A6F1C3E00A329FF /* Release */,
			);
			defaultConfigurationIsVisible = 0;
			defaultConfigurationName = Release;
		};
		43223F732A6F1C3E00A329FF /* Build configuration list for PBXNativeTarget "COF" */ = {
			isa = XCConfigurationList;
			buildConfigurations = (
				43223F742A6F1C3E00A329FF /* Debug */,
				43223F752A6F1C3E00A329FF /* Release */,
			);
			defaultConfigurationIsVisible = 0;
			defaultConfigurationName = Release;
		};
		43223F762A6F1C3E00A329FF /* Build configuration list for PBXNativeTarget "COFTests" */ = {
			isa = XCConfigurationList;
			buildConfigurations = (
				43223F772A6F1C3E00A329FF /* Debug */,
				43223F782A6F1C3E00A329FF /* Release */,
			);
			defaultConfigurationIsVisible = 0;
			defaultConfigurationName = Release;
		};
		43223F792A6F1C3E00A329FF /* Build configuration list for PBXNativeTarget "COFUITests" */ = {
			isa = XCConfigurationList;
			buildConfigurations = (
				43223F7A2A6F1C3E00A329FF /* Debug */,
				43223F7B2A6F1C3E00A329FF /* Release */,
			);
			defaultConfigurationIsVisible = 0;
			defaultConfigurationName = Release;
		};
/* End XCConfigurationList section */
	};
	rootObject = 43223F472A6F1C3C00A329FF /* Project object */;
}
